
Microsoft Visual Studio Solution File, Format Version 12.00
# Visual Studio 15
VisualStudioVersion = 15.0.27703.2035
MinimumVisualStudioVersion = 10.0.40219.1
Project("{FAE04EC0-301F-11D3-BF4B-00C04F79EFBC}") = "PS3", "PS3\PS3.csproj", "{68328099-9D8C-4C11-B066-70EE94E5C8AB}"
EndProject
Project("{FAE04EC0-301F-11D3-BF4B-00C04F79EFBC}") = "PS3Test", "PS3Test\PS3Test.csproj", "{DEA462D5-2D26-4F9B-81E8-64304A6BDA2E}"
EndProject
Global
	GlobalSection(SolutionConfigurationPlatforms) = preSolution
		Debug|Any CPU = Debug|Any CPU
		Release|Any CPU = Release|Any CPU
	EndGlobalSection
	GlobalSection(ProjectConfigurationPlatforms) = postSolution
		{68328099-9D8C-4C11-B066-70EE94E5C8AB}.Debug|Any CPU.ActiveCfg = Debug|Any CPU
		{68328099-9D8C-4C11-B066-70EE94E5C8AB}.Debug|Any CPU.Build.0 = Debug|Any CPU
		{68328099-9D8C-4C11-B066-70EE94E5C8AB}.Release|Any CPU.ActiveCfg = Release|Any CPU
		{68328099-9D8C-4C11-B066-70EE94E5C8AB}.Release|Any CPU.Build.0 = Release|Any CPU
		{DEA462D5-2D26-4F9B-81E8-64304A6BDA2E}.Debug|Any CPU.ActiveCfg = Debug|Any CPU
		{DEA462D5-2D26-4F9B-81E8-64304A6BDA2E}.Debug|Any CPU.Build.0 = Debug|Any CPU
		{DEA462D5-2D26-4F9B-81E8-64304A6BDA2E}.Release|Any CPU.ActiveCfg = Release|Any CPU
		{DEA462D5-2D26-4F9B-81E8-64304A6BDA2E}.Release|Any CPU.Build.0 = Release|Any CPU
	EndGlobalSection
	GlobalSection(SolutionProperties) = preSolution
		HideSolutionNode = FALSE
	EndGlobalSection
	GlobalSection(ExtensibilityGlobals) = postSolution
		SolutionGuid = {BDB2FF63-23C9-4F6D-9676-FF8BF86DFC58}
	EndGlobalSection
EndGlobal
