
Microsoft Visual Studio Solution File, Format Version 12.00
# Visual Studio 15
VisualStudioVersion = 15.0.27703.2035
MinimumVisualStudioVersion = 10.0.40219.1
Project("{FAE04EC0-301F-11D3-BF4B-00C04F79EFBC}") = "SS", "Spreadsheet\SS.csproj", "{F1CDBCA0-C25C-43A9-AFF0-B74F4CB4E5F9}"
EndProject
Project("{FAE04EC0-301F-11D3-BF4B-00C04F79EFBC}") = "Resources", "Resources\Resources.csproj", "{D37E8150-AFF9-43CB-A590-78B92890E692}"
EndProject
Project("{FAE04EC0-301F-11D3-BF4B-00C04F79EFBC}") = "SpreadsheetTests", "SpreadsheetTests\SpreadsheetTests.csproj", "{C5EA84AC-1DB0-45CB-B9D2-7DC2098E2402}"
EndProject
Global
	GlobalSection(SolutionConfigurationPlatforms) = preSolution
		Debug|Any CPU = Debug|Any CPU
		Release|Any CPU = Release|Any CPU
	EndGlobalSection
	GlobalSection(ProjectConfigurationPlatforms) = postSolution
		{F1CDBCA0-C25C-43A9-AFF0-B74F4CB4E5F9}.Debug|Any CPU.ActiveCfg = Debug|Any CPU
		{F1CDBCA0-C25C-43A9-AFF0-B74F4CB4E5F9}.Debug|Any CPU.Build.0 = Debug|Any CPU
		{F1CDBCA0-C25C-43A9-AFF0-B74F4CB4E5F9}.Release|Any CPU.ActiveCfg = Release|Any CPU
		{F1CDBCA0-C25C-43A9-AFF0-B74F4CB4E5F9}.Release|Any CPU.Build.0 = Release|Any CPU
		{D37E8150-AFF9-43CB-A590-78B92890E692}.Debug|Any CPU.ActiveCfg = Debug|Any CPU
		{D37E8150-AFF9-43CB-A590-78B92890E692}.Release|Any CPU.ActiveCfg = Release|Any CPU
		{D37E8150-AFF9-43CB-A590-78B92890E692}.Release|Any CPU.Build.0 = Release|Any CPU
		{C5EA84AC-1DB0-45CB-B9D2-7DC2098E2402}.Debug|Any CPU.ActiveCfg = Debug|Any CPU
		{C5EA84AC-1DB0-45CB-B9D2-7DC2098E2402}.Debug|Any CPU.Build.0 = Debug|Any CPU
		{C5EA84AC-1DB0-45CB-B9D2-7DC2098E2402}.Release|Any CPU.ActiveCfg = Release|Any CPU
		{C5EA84AC-1DB0-45CB-B9D2-7DC2098E2402}.Release|Any CPU.Build.0 = Release|Any CPU
	EndGlobalSection
	GlobalSection(SolutionProperties) = preSolution
		HideSolutionNode = FALSE
	EndGlobalSection
	GlobalSection(ExtensibilityGlobals) = postSolution
		SolutionGuid = {E37C4688-ECEF-44D2-91CB-DE1956662F00}
	EndGlobalSection
EndGlobal
