
Microsoft Visual Studio Solution File, Format Version 12.00
# Visual Studio 15
VisualStudioVersion = 15.0.28010.2041
MinimumVisualStudioVersion = 10.0.40219.1
Project("{FAE04EC0-301F-11D3-BF4B-00C04F79EFBC}") = "NetworkController", "NetworkController\NetworkController.csproj", "{6CB338A6-9EA1-454F-89B7-89DDC0E336A6}"
EndProject
Project("{FAE04EC0-301F-11D3-BF4B-00C04F79EFBC}") = "References", "References\References.csproj", "{39A1EF05-9B71-4B14-BB9D-09ADC0B27CA8}"
EndProject
Project("{FAE04EC0-301F-11D3-BF4B-00C04F79EFBC}") = "SpaceWarsObjects", "Ship\SpaceWarsObjects.csproj", "{FB0D5823-F798-4E23-BE60-36FA7B3419F7}"
EndProject
Project("{FAE04EC0-301F-11D3-BF4B-00C04F79EFBC}") = "Vector2D", "Vector2D\Vector2D.csproj", "{2A1D0BF7-806C-4A24-BF31-B63C45C2340F}"
EndProject
Project("{FAE04EC0-301F-11D3-BF4B-00C04F79EFBC}") = "WorldView", "WorldView\WorldView.csproj", "{3CB1C713-C9FB-4AAF-B103-33984144E51E}"
EndProject
Project("{FAE04EC0-301F-11D3-BF4B-00C04F79EFBC}") = "DrawingPanel", "Panel\DrawingPanel.csproj", "{737BFD51-3A18-4BCC-9C13-8CC7E8ECB850}"
EndProject
Project("{FAE04EC0-301F-11D3-BF4B-00C04F79EFBC}") = "GameController", "Controller\GameController.csproj", "{9022B42A-E668-45FF-9213-27FF348900FA}"
EndProject
Project("{FAE04EC0-301F-11D3-BF4B-00C04F79EFBC}") = "World", "World\World.csproj", "{3915D178-D0C7-4B85-B5C1-0B1D8924A5B5}"
EndProject
Project("{FAE04EC0-301F-11D3-BF4B-00C04F79EFBC}") = "TheServer", "TheServer\TheServer.csproj", "{43A21A0B-CC68-4ECD-A5A5-444B8E2D6CBD}"
EndProject
Project("{FAE04EC0-301F-11D3-BF4B-00C04F79EFBC}") = "Model", "Model\Model.csproj", "{E58AD72B-13CC-478F-BAA1-124A22E02067}"
EndProject
Project("{FAE04EC0-301F-11D3-BF4B-00C04F79EFBC}") = "ModelTests", "ModelTests\ModelTests.csproj", "{2E2D2127-C651-4E4A-8EA1-85A8B39525BF}"
EndProject
Global
	GlobalSection(SolutionConfigurationPlatforms) = preSolution
		Debug|Any CPU = Debug|Any CPU
		Debug|ARM = Debug|ARM
		Debug|x64 = Debug|x64
		Debug|x86 = Debug|x86
		Release|Any CPU = Release|Any CPU
		Release|ARM = Release|ARM
		Release|x64 = Release|x64
		Release|x86 = Release|x86
	EndGlobalSection
	GlobalSection(ProjectConfigurationPlatforms) = postSolution
		{6CB338A6-9EA1-454F-89B7-89DDC0E336A6}.Debug|Any CPU.ActiveCfg = Debug|Any CPU
		{6CB338A6-9EA1-454F-89B7-89DDC0E336A6}.Debug|Any CPU.Build.0 = Debug|Any CPU
		{6CB338A6-9EA1-454F-89B7-89DDC0E336A6}.Debug|ARM.ActiveCfg = Debug|Any CPU
		{6CB338A6-9EA1-454F-89B7-89DDC0E336A6}.Debug|ARM.Build.0 = Debug|Any CPU
		{6CB338A6-9EA1-454F-89B7-89DDC0E336A6}.Debug|x64.ActiveCfg = Debug|Any CPU
		{6CB338A6-9EA1-454F-89B7-89DDC0E336A6}.Debug|x64.Build.0 = Debug|Any CPU
		{6CB338A6-9EA1-454F-89B7-89DDC0E336A6}.Debug|x86.ActiveCfg = Debug|Any CPU
		{6CB338A6-9EA1-454F-89B7-89DDC0E336A6}.Debug|x86.Build.0 = Debug|Any CPU
		{6CB338A6-9EA1-454F-89B7-89DDC0E336A6}.Release|Any CPU.ActiveCfg = Release|Any CPU
		{6CB338A6-9EA1-454F-89B7-89DDC0E336A6}.Release|Any CPU.Build.0 = Release|Any CPU
		{6CB338A6-9EA1-454F-89B7-89DDC0E336A6}.Release|ARM.ActiveCfg = Release|Any CPU
		{6CB338A6-9EA1-454F-89B7-89DDC0E336A6}.Release|ARM.Build.0 = Release|Any CPU
		{6CB338A6-9EA1-454F-89B7-89DDC0E336A6}.Release|x64.ActiveCfg = Release|Any CPU
		{6CB338A6-9EA1-454F-89B7-89DDC0E336A6}.Release|x64.Build.0 = Release|Any CPU
		{6CB338A6-9EA1-454F-89B7-89DDC0E336A6}.Release|x86.ActiveCfg = Release|Any CPU
		{6CB338A6-9EA1-454F-89B7-89DDC0E336A6}.Release|x86.Build.0 = Release|Any CPU
		{39A1EF05-9B71-4B14-BB9D-09ADC0B27CA8}.Debug|Any CPU.ActiveCfg = Debug|Any CPU
		{39A1EF05-9B71-4B14-BB9D-09ADC0B27CA8}.Debug|Any CPU.Build.0 = Debug|Any CPU
		{39A1EF05-9B71-4B14-BB9D-09ADC0B27CA8}.Debug|ARM.ActiveCfg = Debug|Any CPU
		{39A1EF05-9B71-4B14-BB9D-09ADC0B27CA8}.Debug|ARM.Build.0 = Debug|Any CPU
		{39A1EF05-9B71-4B14-BB9D-09ADC0B27CA8}.Debug|x64.ActiveCfg = Debug|Any CPU
		{39A1EF05-9B71-4B14-BB9D-09ADC0B27CA8}.Debug|x64.Build.0 = Debug|Any CPU
		{39A1EF05-9B71-4B14-BB9D-09ADC0B27CA8}.Debug|x86.ActiveCfg = Debug|Any CPU
		{39A1EF05-9B71-4B14-BB9D-09ADC0B27CA8}.Debug|x86.Build.0 = Debug|Any CPU
		{39A1EF05-9B71-4B14-BB9D-09ADC0B27CA8}.Release|Any CPU.ActiveCfg = Release|Any CPU
		{39A1EF05-9B71-4B14-BB9D-09ADC0B27CA8}.Release|Any CPU.Build.0 = Release|Any CPU
		{39A1EF05-9B71-4B14-BB9D-09ADC0B27CA8}.Release|ARM.ActiveCfg = Release|Any CPU
		{39A1EF05-9B71-4B14-BB9D-09ADC0B27CA8}.Release|ARM.Build.0 = Release|Any CPU
		{39A1EF05-9B71-4B14-BB9D-09ADC0B27CA8}.Release|x64.ActiveCfg = Release|Any CPU
		{39A1EF05-9B71-4B14-BB9D-09ADC0B27CA8}.Release|x64.Build.0 = Release|Any CPU
		{39A1EF05-9B71-4B14-BB9D-09ADC0B27CA8}.Release|x86.ActiveCfg = Release|Any CPU
		{39A1EF05-9B71-4B14-BB9D-09ADC0B27CA8}.Release|x86.Build.0 = Release|Any CPU
		{FB0D5823-F798-4E23-BE60-36FA7B3419F7}.Debug|Any CPU.ActiveCfg = Debug|Any CPU
		{FB0D5823-F798-4E23-BE60-36FA7B3419F7}.Debug|Any CPU.Build.0 = Debug|Any CPU
		{FB0D5823-F798-4E23-BE60-36FA7B3419F7}.Debug|ARM.ActiveCfg = Debug|Any CPU
		{FB0D5823-F798-4E23-BE60-36FA7B3419F7}.Debug|ARM.Build.0 = Debug|Any CPU
		{FB0D5823-F798-4E23-BE60-36FA7B3419F7}.Debug|x64.ActiveCfg = Debug|Any CPU
		{FB0D5823-F798-4E23-BE60-36FA7B3419F7}.Debug|x64.Build.0 = Debug|Any CPU
		{FB0D5823-F798-4E23-BE60-36FA7B3419F7}.Debug|x86.ActiveCfg = Debug|Any CPU
		{FB0D5823-F798-4E23-BE60-36FA7B3419F7}.Debug|x86.Build.0 = Debug|Any CPU
		{FB0D5823-F798-4E23-BE60-36FA7B3419F7}.Release|Any CPU.ActiveCfg = Release|Any CPU
		{FB0D5823-F798-4E23-BE60-36FA7B3419F7}.Release|Any CPU.Build.0 = Release|Any CPU
		{FB0D5823-F798-4E23-BE60-36FA7B3419F7}.Release|ARM.ActiveCfg = Release|Any CPU
		{FB0D5823-F798-4E23-BE60-36FA7B3419F7}.Release|ARM.Build.0 = Release|Any CPU
		{FB0D5823-F798-4E23-BE60-36FA7B3419F7}.Release|x64.ActiveCfg = Release|Any CPU
		{FB0D5823-F798-4E23-BE60-36FA7B3419F7}.Release|x64.Build.0 = Release|Any CPU
		{FB0D5823-F798-4E23-BE60-36FA7B3419F7}.Release|x86.ActiveCfg = Release|Any CPU
		{FB0D5823-F798-4E23-BE60-36FA7B3419F7}.Release|x86.Build.0 = Release|Any CPU
		{2A1D0BF7-806C-4A24-BF31-B63C45C2340F}.Debug|Any CPU.ActiveCfg = Debug|Any CPU
		{2A1D0BF7-806C-4A24-BF31-B63C45C2340F}.Debug|Any CPU.Build.0 = Debug|Any CPU
		{2A1D0BF7-806C-4A24-BF31-B63C45C2340F}.Debug|ARM.ActiveCfg = Debug|Any CPU
		{2A1D0BF7-806C-4A24-BF31-B63C45C2340F}.Debug|ARM.Build.0 = Debug|Any CPU
		{2A1D0BF7-806C-4A24-BF31-B63C45C2340F}.Debug|x64.ActiveCfg = Debug|Any CPU
		{2A1D0BF7-806C-4A24-BF31-B63C45C2340F}.Debug|x64.Build.0 = Debug|Any CPU
		{2A1D0BF7-806C-4A24-BF31-B63C45C2340F}.Debug|x86.ActiveCfg = Debug|Any CPU
		{2A1D0BF7-806C-4A24-BF31-B63C45C2340F}.Debug|x86.Build.0 = Debug|Any CPU
		{2A1D0BF7-806C-4A24-BF31-B63C45C2340F}.Release|Any CPU.ActiveCfg = Release|Any CPU
		{2A1D0BF7-806C-4A24-BF31-B63C45C2340F}.Release|Any CPU.Build.0 = Release|Any CPU
		{2A1D0BF7-806C-4A24-BF31-B63C45C2340F}.Release|ARM.ActiveCfg = Release|Any CPU
		{2A1D0BF7-806C-4A24-BF31-B63C45C2340F}.Release|ARM.Build.0 = Release|Any CPU
		{2A1D0BF7-806C-4A24-BF31-B63C45C2340F}.Release|x64.ActiveCfg = Release|Any CPU
		{2A1D0BF7-806C-4A24-BF31-B63C45C2340F}.Release|x64.Build.0 = Release|Any CPU
		{2A1D0BF7-806C-4A24-BF31-B63C45C2340F}.Release|x86.ActiveCfg = Release|Any CPU
		{2A1D0BF7-806C-4A24-BF31-B63C45C2340F}.Release|x86.Build.0 = Release|Any CPU
		{3CB1C713-C9FB-4AAF-B103-33984144E51E}.Debug|Any CPU.ActiveCfg = Debug|Any CPU
		{3CB1C713-C9FB-4AAF-B103-33984144E51E}.Debug|Any CPU.Build.0 = Debug|Any CPU
		{3CB1C713-C9FB-4AAF-B103-33984144E51E}.Debug|ARM.ActiveCfg = Debug|Any CPU
		{3CB1C713-C9FB-4AAF-B103-33984144E51E}.Debug|ARM.Build.0 = Debug|Any CPU
		{3CB1C713-C9FB-4AAF-B103-33984144E51E}.Debug|x64.ActiveCfg = Debug|Any CPU
		{3CB1C713-C9FB-4AAF-B103-33984144E51E}.Debug|x64.Build.0 = Debug|Any CPU
		{3CB1C713-C9FB-4AAF-B103-33984144E51E}.Debug|x86.ActiveCfg = Debug|Any CPU
		{3CB1C713-C9FB-4AAF-B103-33984144E51E}.Debug|x86.Build.0 = Debug|Any CPU
		{3CB1C713-C9FB-4AAF-B103-33984144E51E}.Release|Any CPU.ActiveCfg = Release|Any CPU
		{3CB1C713-C9FB-4AAF-B103-33984144E51E}.Release|Any CPU.Build.0 = Release|Any CPU
		{3CB1C713-C9FB-4AAF-B103-33984144E51E}.Release|ARM.ActiveCfg = Release|Any CPU
		{3CB1C713-C9FB-4AAF-B103-33984144E51E}.Release|ARM.Build.0 = Release|Any CPU
		{3CB1C713-C9FB-4AAF-B103-33984144E51E}.Release|x64.ActiveCfg = Release|Any CPU
		{3CB1C713-C9FB-4AAF-B103-33984144E51E}.Release|x64.Build.0 = Release|Any CPU
		{3CB1C713-C9FB-4AAF-B103-33984144E51E}.Release|x86.ActiveCfg = Release|Any CPU
		{3CB1C713-C9FB-4AAF-B103-33984144E51E}.Release|x86.Build.0 = Release|Any CPU
		{737BFD51-3A18-4BCC-9C13-8CC7E8ECB850}.Debug|Any CPU.ActiveCfg = Debug|Any CPU
		{737BFD51-3A18-4BCC-9C13-8CC7E8ECB850}.Debug|Any CPU.Build.0 = Debug|Any CPU
		{737BFD51-3A18-4BCC-9C13-8CC7E8ECB850}.Debug|ARM.ActiveCfg = Debug|Any CPU
		{737BFD51-3A18-4BCC-9C13-8CC7E8ECB850}.Debug|ARM.Build.0 = Debug|Any CPU
		{737BFD51-3A18-4BCC-9C13-8CC7E8ECB850}.Debug|x64.ActiveCfg = Debug|Any CPU
		{737BFD51-3A18-4BCC-9C13-8CC7E8ECB850}.Debug|x64.Build.0 = Debug|Any CPU
		{737BFD51-3A18-4BCC-9C13-8CC7E8ECB850}.Debug|x86.ActiveCfg = Debug|Any CPU
		{737BFD51-3A18-4BCC-9C13-8CC7E8ECB850}.Debug|x86.Build.0 = Debug|Any CPU
		{737BFD51-3A18-4BCC-9C13-8CC7E8ECB850}.Release|Any CPU.ActiveCfg = Release|Any CPU
		{737BFD51-3A18-4BCC-9C13-8CC7E8ECB850}.Release|Any CPU.Build.0 = Release|Any CPU
		{737BFD51-3A18-4BCC-9C13-8CC7E8ECB850}.Release|ARM.ActiveCfg = Release|Any CPU
		{737BFD51-3A18-4BCC-9C13-8CC7E8ECB850}.Release|ARM.Build.0 = Release|Any CPU
		{737BFD51-3A18-4BCC-9C13-8CC7E8ECB850}.Release|x64.ActiveCfg = Release|Any CPU
		{737BFD51-3A18-4BCC-9C13-8CC7E8ECB850}.Release|x64.Build.0 = Release|Any CPU
		{737BFD51-3A18-4BCC-9C13-8CC7E8ECB850}.Release|x86.ActiveCfg = Release|Any CPU
		{737BFD51-3A18-4BCC-9C13-8CC7E8ECB850}.Release|x86.Build.0 = Release|Any CPU
		{9022B42A-E668-45FF-9213-27FF348900FA}.Debug|Any CPU.ActiveCfg = Debug|Any CPU
		{9022B42A-E668-45FF-9213-27FF348900FA}.Debug|Any CPU.Build.0 = Debug|Any CPU
		{9022B42A-E668-45FF-9213-27FF348900FA}.Debug|ARM.ActiveCfg = Debug|Any CPU
		{9022B42A-E668-45FF-9213-27FF348900FA}.Debug|ARM.Build.0 = Debug|Any CPU
		{9022B42A-E668-45FF-9213-27FF348900FA}.Debug|x64.ActiveCfg = Debug|Any CPU
		{9022B42A-E668-45FF-9213-27FF348900FA}.Debug|x64.Build.0 = Debug|Any CPU
		{9022B42A-E668-45FF-9213-27FF348900FA}.Debug|x86.ActiveCfg = Debug|Any CPU
		{9022B42A-E668-45FF-9213-27FF348900FA}.Debug|x86.Build.0 = Debug|Any CPU
		{9022B42A-E668-45FF-9213-27FF348900FA}.Release|Any CPU.ActiveCfg = Release|Any CPU
		{9022B42A-E668-45FF-9213-27FF348900FA}.Release|Any CPU.Build.0 = Release|Any CPU
		{9022B42A-E668-45FF-9213-27FF348900FA}.Release|ARM.ActiveCfg = Release|Any CPU
		{9022B42A-E668-45FF-9213-27FF348900FA}.Release|ARM.Build.0 = Release|Any CPU
		{9022B42A-E668-45FF-9213-27FF348900FA}.Release|x64.ActiveCfg = Release|Any CPU
		{9022B42A-E668-45FF-9213-27FF348900FA}.Release|x64.Build.0 = Release|Any CPU
		{9022B42A-E668-45FF-9213-27FF348900FA}.Release|x86.ActiveCfg = Release|Any CPU
		{9022B42A-E668-45FF-9213-27FF348900FA}.Release|x86.Build.0 = Release|Any CPU
		{3915D178-D0C7-4B85-B5C1-0B1D8924A5B5}.Debug|Any CPU.ActiveCfg = Debug|Any CPU
		{3915D178-D0C7-4B85-B5C1-0B1D8924A5B5}.Debug|Any CPU.Build.0 = Debug|Any CPU
		{3915D178-D0C7-4B85-B5C1-0B1D8924A5B5}.Debug|ARM.ActiveCfg = Debug|Any CPU
		{3915D178-D0C7-4B85-B5C1-0B1D8924A5B5}.Debug|ARM.Build.0 = Debug|Any CPU
		{3915D178-D0C7-4B85-B5C1-0B1D8924A5B5}.Debug|x64.ActiveCfg = Debug|Any CPU
		{3915D178-D0C7-4B85-B5C1-0B1D8924A5B5}.Debug|x64.Build.0 = Debug|Any CPU
		{3915D178-D0C7-4B85-B5C1-0B1D8924A5B5}.Debug|x86.ActiveCfg = Debug|Any CPU
		{3915D178-D0C7-4B85-B5C1-0B1D8924A5B5}.Debug|x86.Build.0 = Debug|Any CPU
		{3915D178-D0C7-4B85-B5C1-0B1D8924A5B5}.Release|Any CPU.ActiveCfg = Release|Any CPU
		{3915D178-D0C7-4B85-B5C1-0B1D8924A5B5}.Release|Any CPU.Build.0 = Release|Any CPU
		{3915D178-D0C7-4B85-B5C1-0B1D8924A5B5}.Release|ARM.ActiveCfg = Release|Any CPU
		{3915D178-D0C7-4B85-B5C1-0B1D8924A5B5}.Release|ARM.Build.0 = Release|Any CPU
		{3915D178-D0C7-4B85-B5C1-0B1D8924A5B5}.Release|x64.ActiveCfg = Release|Any CPU
		{3915D178-D0C7-4B85-B5C1-0B1D8924A5B5}.Release|x64.Build.0 = Release|Any CPU
		{3915D178-D0C7-4B85-B5C1-0B1D8924A5B5}.Release|x86.ActiveCfg = Release|Any CPU
		{3915D178-D0C7-4B85-B5C1-0B1D8924A5B5}.Release|x86.Build.0 = Release|Any CPU
		{43A21A0B-CC68-4ECD-A5A5-444B8E2D6CBD}.Debug|Any CPU.ActiveCfg = Debug|Any CPU
		{43A21A0B-CC68-4ECD-A5A5-444B8E2D6CBD}.Debug|Any CPU.Build.0 = Debug|Any CPU
		{43A21A0B-CC68-4ECD-A5A5-444B8E2D6CBD}.Debug|ARM.ActiveCfg = Debug|Any CPU
		{43A21A0B-CC68-4ECD-A5A5-444B8E2D6CBD}.Debug|ARM.Build.0 = Debug|Any CPU
		{43A21A0B-CC68-4ECD-A5A5-444B8E2D6CBD}.Debug|x64.ActiveCfg = Debug|Any CPU
		{43A21A0B-CC68-4ECD-A5A5-444B8E2D6CBD}.Debug|x64.Build.0 = Debug|Any CPU
		{43A21A0B-CC68-4ECD-A5A5-444B8E2D6CBD}.Debug|x86.ActiveCfg = Debug|Any CPU
		{43A21A0B-CC68-4ECD-A5A5-444B8E2D6CBD}.Debug|x86.Build.0 = Debug|Any CPU
		{43A21A0B-CC68-4ECD-A5A5-444B8E2D6CBD}.Release|Any CPU.ActiveCfg = Release|Any CPU
		{43A21A0B-CC68-4ECD-A5A5-444B8E2D6CBD}.Release|Any CPU.Build.0 = Release|Any CPU
		{43A21A0B-CC68-4ECD-A5A5-444B8E2D6CBD}.Release|ARM.ActiveCfg = Release|Any CPU
		{43A21A0B-CC68-4ECD-A5A5-444B8E2D6CBD}.Release|ARM.Build.0 = Release|Any CPU
		{43A21A0B-CC68-4ECD-A5A5-444B8E2D6CBD}.Release|x64.ActiveCfg = Release|Any CPU
		{43A21A0B-CC68-4ECD-A5A5-444B8E2D6CBD}.Release|x64.Build.0 = Release|Any CPU
		{43A21A0B-CC68-4ECD-A5A5-444B8E2D6CBD}.Release|x86.ActiveCfg = Release|Any CPU
		{43A21A0B-CC68-4ECD-A5A5-444B8E2D6CBD}.Release|x86.Build.0 = Release|Any CPU
		{E58AD72B-13CC-478F-BAA1-124A22E02067}.Debug|Any CPU.ActiveCfg = Debug|Any CPU
		{E58AD72B-13CC-478F-BAA1-124A22E02067}.Debug|Any CPU.Build.0 = Debug|Any CPU
		{E58AD72B-13CC-478F-BAA1-124A22E02067}.Debug|ARM.ActiveCfg = Debug|Any CPU
		{E58AD72B-13CC-478F-BAA1-124A22E02067}.Debug|ARM.Build.0 = Debug|Any CPU
		{E58AD72B-13CC-478F-BAA1-124A22E02067}.Debug|x64.ActiveCfg = Debug|Any CPU
		{E58AD72B-13CC-478F-BAA1-124A22E02067}.Debug|x64.Build.0 = Debug|Any CPU
		{E58AD72B-13CC-478F-BAA1-124A22E02067}.Debug|x86.ActiveCfg = Debug|Any CPU
		{E58AD72B-13CC-478F-BAA1-124A22E02067}.Debug|x86.Build.0 = Debug|Any CPU
		{E58AD72B-13CC-478F-BAA1-124A22E02067}.Release|Any CPU.ActiveCfg = Release|Any CPU
		{E58AD72B-13CC-478F-BAA1-124A22E02067}.Release|Any CPU.Build.0 = Release|Any CPU
		{E58AD72B-13CC-478F-BAA1-124A22E02067}.Release|ARM.ActiveCfg = Release|Any CPU
		{E58AD72B-13CC-478F-BAA1-124A22E02067}.Release|ARM.Build.0 = Release|Any CPU
		{E58AD72B-13CC-478F-BAA1-124A22E02067}.Release|x64.ActiveCfg = Release|Any CPU
		{E58AD72B-13CC-478F-BAA1-124A22E02067}.Release|x64.Build.0 = Release|Any CPU
		{E58AD72B-13CC-478F-BAA1-124A22E02067}.Release|x86.ActiveCfg = Release|Any CPU
		{E58AD72B-13CC-478F-BAA1-124A22E02067}.Release|x86.Build.0 = Release|Any CPU
		{2E2D2127-C651-4E4A-8EA1-85A8B39525BF}.Debug|Any CPU.ActiveCfg = Debug|Any CPU
		{2E2D2127-C651-4E4A-8EA1-85A8B39525BF}.Debug|Any CPU.Build.0 = Debug|Any CPU
		{2E2D2127-C651-4E4A-8EA1-85A8B39525BF}.Debug|ARM.ActiveCfg = Debug|Any CPU
		{2E2D2127-C651-4E4A-8EA1-85A8B39525BF}.Debug|ARM.Build.0 = Debug|Any CPU
		{2E2D2127-C651-4E4A-8EA1-85A8B39525BF}.Debug|x64.ActiveCfg = Debug|Any CPU
		{2E2D2127-C651-4E4A-8EA1-85A8B39525BF}.Debug|x64.Build.0 = Debug|Any CPU
		{2E2D2127-C651-4E4A-8EA1-85A8B39525BF}.Debug|x86.ActiveCfg = Debug|Any CPU
		{2E2D2127-C651-4E4A-8EA1-85A8B39525BF}.Debug|x86.Build.0 = Debug|Any CPU
		{2E2D2127-C651-4E4A-8EA1-85A8B39525BF}.Release|Any CPU.ActiveCfg = Release|Any CPU
		{2E2D2127-C651-4E4A-8EA1-85A8B39525BF}.Release|Any CPU.Build.0 = Release|Any CPU
		{2E2D2127-C651-4E4A-8EA1-85A8B39525BF}.Release|ARM.ActiveCfg = Release|Any CPU
		{2E2D2127-C651-4E4A-8EA1-85A8B39525BF}.Release|ARM.Build.0 = Release|Any CPU
		{2E2D2127-C651-4E4A-8EA1-85A8B39525BF}.Release|x64.ActiveCfg = Release|Any CPU
		{2E2D2127-C651-4E4A-8EA1-85A8B39525BF}.Release|x64.Build.0 = Release|Any CPU
		{2E2D2127-C651-4E4A-8EA1-85A8B39525BF}.Release|x86.ActiveCfg = Release|Any CPU
		{2E2D2127-C651-4E4A-8EA1-85A8B39525BF}.Release|x86.Build.0 = Release|Any CPU
	EndGlobalSection
	GlobalSection(SolutionProperties) = preSolution
		HideSolutionNode = FALSE
	EndGlobalSection
	GlobalSection(ExtensibilityGlobals) = postSolution
		SolutionGuid = {977A9D6E-9BA7-4289-A94D-35BCAD5567A9}
	EndGlobalSection
EndGlobal
