
Microsoft Visual Studio Solution File, Format Version 12.00
# Visual Studio 15
VisualStudioVersion = 15.0.26730.3
MinimumVisualStudioVersion = 10.0.40219.1
Project("{FAE04EC0-301F-11D3-BF4B-00C04F79EFBC}") = "Lab10Demo", "Lab10Demo\Lab10Demo.csproj", "{55FCC9F9-3DB5-4DC4-803A-C0CD2111D2DC}"
EndProject
Project("{FAE04EC0-301F-11D3-BF4B-00C04F79EFBC}") = "DrawingPanel", "DrawingPanel\DrawingPanel.csproj", "{99FBAB2F-2569-4D74-8ADE-632118055EFA}"
EndProject
Project("{FAE04EC0-301F-11D3-BF4B-00C04F79EFBC}") = "World", "World\World.csproj", "{35864D7F-9B8B-4878-B242-1778078B25A0}"
EndProject
Project("{FAE04EC0-301F-11D3-BF4B-00C04F79EFBC}") = "Resources", "Resources\Resources.csproj", "{27BFAC2B-2FE0-4E20-8E8E-B976756F96A4}"
EndProject
Project("{FAE04EC0-301F-11D3-BF4B-00C04F79EFBC}") = "Controller", "Controller\Controller.csproj", "{6A6316F9-0544-4354-99E0-BFA094CEF225}"
EndProject
Global
	GlobalSection(SolutionConfigurationPlatforms) = preSolution
		Debug|Any CPU = Debug|Any CPU
		Release|Any CPU = Release|Any CPU
	EndGlobalSection
	GlobalSection(ProjectConfigurationPlatforms) = postSolution
		{55FCC9F9-3DB5-4DC4-803A-C0CD2111D2DC}.Debug|Any CPU.ActiveCfg = Debug|Any CPU
		{55FCC9F9-3DB5-4DC4-803A-C0CD2111D2DC}.Debug|Any CPU.Build.0 = Debug|Any CPU
		{55FCC9F9-3DB5-4DC4-803A-C0CD2111D2DC}.Release|Any CPU.ActiveCfg = Release|Any CPU
		{55FCC9F9-3DB5-4DC4-803A-C0CD2111D2DC}.Release|Any CPU.Build.0 = Release|Any CPU
		{99FBAB2F-2569-4D74-8ADE-632118055EFA}.Debug|Any CPU.ActiveCfg = Debug|Any CPU
		{99FBAB2F-2569-4D74-8ADE-632118055EFA}.Debug|Any CPU.Build.0 = Debug|Any CPU
		{99FBAB2F-2569-4D74-8ADE-632118055EFA}.Release|Any CPU.ActiveCfg = Release|Any CPU
		{99FBAB2F-2569-4D74-8ADE-632118055EFA}.Release|Any CPU.Build.0 = Release|Any CPU
		{35864D7F-9B8B-4878-B242-1778078B25A0}.Debug|Any CPU.ActiveCfg = Debug|Any CPU
		{35864D7F-9B8B-4878-B242-1778078B25A0}.Debug|Any CPU.Build.0 = Debug|Any CPU
		{35864D7F-9B8B-4878-B242-1778078B25A0}.Release|Any CPU.ActiveCfg = Release|Any CPU
		{35864D7F-9B8B-4878-B242-1778078B25A0}.Release|Any CPU.Build.0 = Release|Any CPU
		{27BFAC2B-2FE0-4E20-8E8E-B976756F96A4}.Debug|Any CPU.ActiveCfg = Debug|Any CPU
		{27BFAC2B-2FE0-4E20-8E8E-B976756F96A4}.Release|Any CPU.ActiveCfg = Release|Any CPU
		{27BFAC2B-2FE0-4E20-8E8E-B976756F96A4}.Release|Any CPU.Build.0 = Release|Any CPU
		{6A6316F9-0544-4354-99E0-BFA094CEF225}.Debug|Any CPU.ActiveCfg = Debug|Any CPU
		{6A6316F9-0544-4354-99E0-BFA094CEF225}.Debug|Any CPU.Build.0 = Debug|Any CPU
		{6A6316F9-0544-4354-99E0-BFA094CEF225}.Release|Any CPU.ActiveCfg = Release|Any CPU
		{6A6316F9-0544-4354-99E0-BFA094CEF225}.Release|Any CPU.Build.0 = Release|Any CPU
	EndGlobalSection
	GlobalSection(SolutionProperties) = preSolution
		HideSolutionNode = FALSE
	EndGlobalSection
	GlobalSection(ExtensibilityGlobals) = postSolution
		SolutionGuid = {CCB430D9-CB34-4EA5-AB0C-EED7538CD54C}
	EndGlobalSection
EndGlobal
